// !$*UTF8*$!
{
	archiveVersion = 1;
	classes = {
	};
	objectVersion = 56;
	objects = {

/* Begin PBXBuildFile section */
		E23892F829682A5600136A54 /* device.h in Headers */ = {isa = PBXBuildFile; fileRef = E23892F629682A5600136A54 /* device.h */; };
		E23892F929682A5600136A54 /* device.cpp in Sources */ = {isa = PBXBuildFile; fileRef = E23892F729682A5600136A54 /* device.cpp */; };
		E238930129682A7C00136A54 /* tradfri.cpp in Sources */ = {isa = PBXBuildFile; fileRef = E238930029682A7C00136A54 /* tradfri.cpp */; };
		E2389308296833C300136A54 /* bulb.h in Headers */ = {isa = PBXBuildFile; fileRef = E2389306296833C300136A54 /* bulb.h */; };
		E2389309296833C300136A54 /* bulb.cpp in Sources */ = {isa = PBXBuildFile; fileRef = E2389307296833C300136A54 /* bulb.cpp */; };
		E238930C296839D200136A54 /* system.h in Headers */ = {isa = PBXBuildFile; fileRef = E238930A296839D200136A54 /* system.h */; };
		E238930D296839D200136A54 /* system.cpp in Sources */ = {isa = PBXBuildFile; fileRef = E238930B296839D200136A54 /* system.cpp */; };
		E238930F296842D800136A54 /* libcpp-tradfri.a in Frameworks */ = {isa = PBXBuildFile; fileRef = E23892EF296829DA00136A54 /* libcpp-tradfri.a */; };
		E23A885A2969763F009BE9F4 /* json.h in Headers */ = {isa = PBXBuildFile; fileRef = E23A88582969763F009BE9F4 /* json.h */; };
		E23A88602969E3BF009BE9F4 /* plug.h in Headers */ = {isa = PBXBuildFile; fileRef = E23A885E2969E3BF009BE9F4 /* plug.h */; };
		E23A88612969E3BF009BE9F4 /* plug.cpp in Sources */ = {isa = PBXBuildFile; fileRef = E23A885F2969E3BF009BE9F4 /* plug.cpp */; };
		E2FE6105296861E100282EE4 /* coap_connection.h in Headers */ = {isa = PBXBuildFile; fileRef = E2FE6103296861E100282EE4 /* coap_connection.h */; };
		E2FE6106296861E100282EE4 /* coap_connection.cpp in Sources */ = {isa = PBXBuildFile; fileRef = E2FE6104296861E100282EE4 /* coap_connection.cpp */; };
		E2FE61072968681500282EE4 /* libcpp-coap.a in Frameworks */ = {isa = PBXBuildFile; fileRef = E2FE60FC296858F400282EE4 /* libcpp-coap.a */; };
/* End PBXBuildFile section */

/* Begin PBXContainerItemProxy section */
		E2389310296842D800136A54 /* PBXContainerItemProxy */ = {
			isa = PBXContainerItemProxy;
			containerPortal = E23892E7296829DA00136A54 /* Project object */;
			proxyType = 1;
			remoteGlobalIDString = E23892EE296829DA00136A54;
			remoteInfo = "cpp-tradfri";
		};
		E2FE60FB296858F400282EE4 /* PBXContainerItemProxy */ = {
			isa = PBXContainerItemProxy;
			containerPortal = E2FE60F4296858F400282EE4 /* cpp-coap.xcodeproj */;
			proxyType = 2;
			remoteGlobalIDString = E24D1DD32944918100DC293B;
			remoteInfo = "cpp-coap";
		};
		E2FE60FD296858F400282EE4 /* PBXContainerItemProxy */ = {
			isa = PBXContainerItemProxy;
			containerPortal = E2FE60F4296858F400282EE4 /* cpp-coap.xcodeproj */;
			proxyType = 2;
			remoteGlobalIDString = E24D1DEF2945383200DC293B;
			remoteInfo = server;
		};
		E2FE60FF296858F400282EE4 /* PBXContainerItemProxy */ = {
			isa = PBXContainerItemProxy;
			containerPortal = E2FE60F4296858F400282EE4 /* cpp-coap.xcodeproj */;
			proxyType = 2;
			remoteGlobalIDString = E24D1DFA294538ED00DC293B;
			remoteInfo = client;
		};
		E2FE6101296858F400282EE4 /* PBXContainerItemProxy */ = {
			isa = PBXContainerItemProxy;
			containerPortal = E2FE60F4296858F400282EE4 /* cpp-coap.xcodeproj */;
			proxyType = 2;
			remoteGlobalIDString = E23892DA2966FEA500136A54;
			remoteInfo = "dtls-client";
		};
/* End PBXContainerItemProxy section */

/* Begin PBXCopyFilesBuildPhase section */
		E23892FC29682A7C00136A54 /* CopyFiles */ = {
			isa = PBXCopyFilesBuildPhase;
			buildActionMask = 2147483647;
			dstPath = /usr/share/man/man1/;
			dstSubfolderSpec = 0;
			files = (
			);
			runOnlyForDeploymentPostprocessing = 1;
		};
/* End PBXCopyFilesBuildPhase section */

/* Begin PBXFileReference section */
		E23892EF296829DA00136A54 /* libcpp-tradfri.a */ = {isa = PBXFileReference; explicitFileType = archive.ar; includeInIndex = 0; path = "libcpp-tradfri.a"; sourceTree = BUILT_PRODUCTS_DIR; };
		E23892F629682A5600136A54 /* device.h */ = {isa = PBXFileReference; lastKnownFileType = sourcecode.c.h; path = device.h; sourceTree = "<group>"; };
		E23892F729682A5600136A54 /* device.cpp */ = {isa = PBXFileReference; lastKnownFileType = sourcecode.cpp.cpp; path = device.cpp; sourceTree = "<group>"; };
		E23892FE29682A7C00136A54 /* tradfri */ = {isa = PBXFileReference; explicitFileType = "compiled.mach-o.executable"; includeInIndex = 0; path = tradfri; sourceTree = BUILT_PRODUCTS_DIR; };
		E238930029682A7C00136A54 /* tradfri.cpp */ = {isa = PBXFileReference; lastKnownFileType = sourcecode.cpp.cpp; path = tradfri.cpp; sourceTree = "<group>"; };
		E2389306296833C300136A54 /* bulb.h */ = {isa = PBXFileReference; lastKnownFileType = sourcecode.c.h; path = bulb.h; sourceTree = "<group>"; };
		E2389307296833C300136A54 /* bulb.cpp */ = {isa = PBXFileReference; lastKnownFileType = sourcecode.cpp.cpp; path = bulb.cpp; sourceTree = "<group>"; };
		E238930A296839D200136A54 /* system.h */ = {isa = PBXFileReference; lastKnownFileType = sourcecode.c.h; path = system.h; sourceTree = "<group>"; };
		E238930B296839D200136A54 /* system.cpp */ = {isa = PBXFileReference; lastKnownFileType = sourcecode.cpp.cpp; path = system.cpp; sourceTree = "<group>"; };
		E23A882E2968F401009BE9F4 /* fwd.h */ = {isa = PBXFileReference; lastKnownFileType = sourcecode.c.h; path = fwd.h; sourceTree = "<group>"; };
		E23A882F2968F401009BE9F4 /* memorystream.h */ = {isa = PBXFileReference; lastKnownFileType = sourcecode.c.h; path = memorystream.h; sourceTree = "<group>"; };
		E23A88302968F401009BE9F4 /* reader.h */ = {isa = PBXFileReference; lastKnownFileType = sourcecode.c.h; path = reader.h; sourceTree = "<group>"; };
		E23A88312968F401009BE9F4 /* prettywriter.h */ = {isa = PBXFileReference; lastKnownFileType = sourcecode.c.h; path = prettywriter.h; sourceTree = "<group>"; };
		E23A88322968F401009BE9F4 /* ostreamwrapper.h */ = {isa = PBXFileReference; lastKnownFileType = sourcecode.c.h; path = ostreamwrapper.h; sourceTree = "<group>"; };
		E23A88332968F401009BE9F4 /* encodedstream.h */ = {isa = PBXFileReference; lastKnownFileType = sourcecode.c.h; path = encodedstream.h; sourceTree = "<group>"; };
		E23A88342968F401009BE9F4 /* filereadstream.h */ = {isa = PBXFileReference; lastKnownFileType = sourcecode.c.h; path = filereadstream.h; sourceTree = "<group>"; };
		E23A88352968F401009BE9F4 /* istreamwrapper.h */ = {isa = PBXFileReference; lastKnownFileType = sourcecode.c.h; path = istreamwrapper.h; sourceTree = "<group>"; };
		E23A88362968F401009BE9F4 /* stringbuffer.h */ = {isa = PBXFileReference; lastKnownFileType = sourcecode.c.h; path = stringbuffer.h; sourceTree = "<group>"; };
		E23A88382968F401009BE9F4 /* ieee754.h */ = {isa = PBXFileReference; lastKnownFileType = sourcecode.c.h; path = ieee754.h; sourceTree = "<group>"; };
		E23A88392968F401009BE9F4 /* strtod.h */ = {isa = PBXFileReference; lastKnownFileType = sourcecode.c.h; path = strtod.h; sourceTree = "<group>"; };
		E23A883A2968F401009BE9F4 /* swap.h */ = {isa = PBXFileReference; lastKnownFileType = sourcecode.c.h; path = swap.h; sourceTree = "<group>"; };
		E23A883B2968F401009BE9F4 /* regex.h */ = {isa = PBXFileReference; lastKnownFileType = sourcecode.c.h; path = regex.h; sourceTree = "<group>"; };
		E23A883C2968F401009BE9F4 /* diyfp.h */ = {isa = PBXFileReference; lastKnownFileType = sourcecode.c.h; path = diyfp.h; sourceTree = "<group>"; };
		E23A883D2968F401009BE9F4 /* biginteger.h */ = {isa = PBXFileReference; lastKnownFileType = sourcecode.c.h; path = biginteger.h; sourceTree = "<group>"; };
		E23A883E2968F401009BE9F4 /* strfunc.h */ = {isa = PBXFileReference; lastKnownFileType = sourcecode.c.h; path = strfunc.h; sourceTree = "<group>"; };
		E23A883F2968F401009BE9F4 /* itoa.h */ = {isa = PBXFileReference; lastKnownFileType = sourcecode.c.h; path = itoa.h; sourceTree = "<group>"; };
		E23A88402968F401009BE9F4 /* stack.h */ = {isa = PBXFileReference; lastKnownFileType = sourcecode.c.h; path = stack.h; sourceTree = "<group>"; };
		E23A88412968F401009BE9F4 /* dtoa.h */ = {isa = PBXFileReference; lastKnownFileType = sourcecode.c.h; path = dtoa.h; sourceTree = "<group>"; };
		E23A88422968F401009BE9F4 /* meta.h */ = {isa = PBXFileReference; lastKnownFileType = sourcecode.c.h; path = meta.h; sourceTree = "<group>"; };
		E23A88432968F401009BE9F4 /* pow10.h */ = {isa = PBXFileReference; lastKnownFileType = sourcecode.c.h; path = pow10.h; sourceTree = "<group>"; };
		E23A88442968F401009BE9F4 /* encodings.h */ = {isa = PBXFileReference; lastKnownFileType = sourcecode.c.h; path = encodings.h; sourceTree = "<group>"; };
		E23A88452968F401009BE9F4 /* schema.h */ = {isa = PBXFileReference; lastKnownFileType = sourcecode.c.h; path = schema.h; sourceTree = "<group>"; };
		E23A88462968F401009BE9F4 /* stream.h */ = {isa = PBXFileReference; lastKnownFileType = sourcecode.c.h; path = stream.h; sourceTree = "<group>"; };
		E23A88472968F401009BE9F4 /* filewritestream.h */ = {isa = PBXFileReference; lastKnownFileType = sourcecode.c.h; path = filewritestream.h; sourceTree = "<group>"; };
		E23A88482968F401009BE9F4 /* rapidjson.h */ = {isa = PBXFileReference; lastKnownFileType = sourcecode.c.h; path = rapidjson.h; sourceTree = "<group>"; };
		E23A88492968F401009BE9F4 /* document.h */ = {isa = PBXFileReference; lastKnownFileType = sourcecode.c.h; path = document.h; sourceTree = "<group>"; };
		E23A884A2968F401009BE9F4 /* allocators.h */ = {isa = PBXFileReference; lastKnownFileType = sourcecode.c.h; path = allocators.h; sourceTree = "<group>"; };
		E23A884B2968F401009BE9F4 /* writer.h */ = {isa = PBXFileReference; lastKnownFileType = sourcecode.c.h; path = writer.h; sourceTree = "<group>"; };
		E23A884D2968F401009BE9F4 /* error.h */ = {isa = PBXFileReference; lastKnownFileType = sourcecode.c.h; path = error.h; sourceTree = "<group>"; };
		E23A884E2968F401009BE9F4 /* en.h */ = {isa = PBXFileReference; lastKnownFileType = sourcecode.c.h; path = en.h; sourceTree = "<group>"; };
		E23A884F2968F401009BE9F4 /* memorybuffer.h */ = {isa = PBXFileReference; lastKnownFileType = sourcecode.c.h; path = memorybuffer.h; sourceTree = "<group>"; };
		E23A88502968F401009BE9F4 /* pointer.h */ = {isa = PBXFileReference; lastKnownFileType = sourcecode.c.h; path = pointer.h; sourceTree = "<group>"; };
		E23A88522968F401009BE9F4 /* inttypes.h */ = {isa = PBXFileReference; lastKnownFileType = sourcecode.c.h; path = inttypes.h; sourceTree = "<group>"; };
		E23A88532968F401009BE9F4 /* stdint.h */ = {isa = PBXFileReference; lastKnownFileType = sourcecode.c.h; path = stdint.h; sourceTree = "<group>"; };
		E23A88582969763F009BE9F4 /* json.h */ = {isa = PBXFileReference; lastKnownFileType = sourcecode.c.h; path = json.h; sourceTree = "<group>"; };
		E23A885C296976CE009BE9F4 /* exception.h */ = {isa = PBXFileReference; lastKnownFileType = sourcecode.c.h; path = exception.h; sourceTree = "<group>"; };
		E23A885E2969E3BF009BE9F4 /* plug.h */ = {isa = PBXFileReference; lastKnownFileType = sourcecode.c.h; path = plug.h; sourceTree = "<group>"; };
		E23A885F2969E3BF009BE9F4 /* plug.cpp */ = {isa = PBXFileReference; lastKnownFileType = sourcecode.cpp.cpp; path = plug.cpp; sourceTree = "<group>"; };
		E2FE60F4296858F400282EE4 /* cpp-coap.xcodeproj */ = {isa = PBXFileReference; lastKnownFileType = "wrapper.pb-project"; name = "cpp-coap.xcodeproj"; path = "cpp-coap/cpp-coap.xcodeproj"; sourceTree = "<group>"; };
		E2FE6103296861E100282EE4 /* coap_connection.h */ = {isa = PBXFileReference; lastKnownFileType = sourcecode.c.h; path = coap_connection.h; sourceTree = "<group>"; };
		E2FE6104296861E100282EE4 /* coap_connection.cpp */ = {isa = PBXFileReference; lastKnownFileType = sourcecode.cpp.cpp; path = coap_connection.cpp; sourceTree = "<group>"; };
/* End PBXFileReference section */

/* Begin PBXFrameworksBuildPhase section */
		E23892ED296829DA00136A54 /* Frameworks */ = {
			isa = PBXFrameworksBuildPhase;
			buildActionMask = 2147483647;
			files = (
			);
			runOnlyForDeploymentPostprocessing = 0;
		};
		E23892FB29682A7C00136A54 /* Frameworks */ = {
			isa = PBXFrameworksBuildPhase;
			buildActionMask = 2147483647;
			files = (
				E2FE61072968681500282EE4 /* libcpp-coap.a in Frameworks */,
				E238930F296842D800136A54 /* libcpp-tradfri.a in Frameworks */,
			);
			runOnlyForDeploymentPostprocessing = 0;
		};
/* End PBXFrameworksBuildPhase section */

/* Begin PBXGroup section */
		E23892E6296829DA00136A54 = {
			isa = PBXGroup;
			children = (
				E2FE60F4296858F400282EE4 /* cpp-coap.xcodeproj */,
				E23A882D2968F401009BE9F4 /* rapidjson */,
				E238930529682A8700136A54 /* cpp-tradfri */,
				E23892FF29682A7C00136A54 /* tradfri */,
				E23892F0296829DA00136A54 /* Products */,
				E238930E296842D800136A54 /* Frameworks */,
			);
			sourceTree = "<group>";
		};
		E23892F0296829DA00136A54 /* Products */ = {
			isa = PBXGroup;
			children = (
				E23892EF296829DA00136A54 /* libcpp-tradfri.a */,
				E23892FE29682A7C00136A54 /* tradfri */,
			);
			name = Products;
			sourceTree = "<group>";
		};
		E23892FF29682A7C00136A54 /* tradfri */ = {
			isa = PBXGroup;
			children = (
				E238930029682A7C00136A54 /* tradfri.cpp */,
			);
			path = tradfri;
			sourceTree = "<group>";
		};
		E238930529682A8700136A54 /* cpp-tradfri */ = {
			isa = PBXGroup;
			children = (
				E23892F629682A5600136A54 /* device.h */,
				E23892F729682A5600136A54 /* device.cpp */,
				E2389306296833C300136A54 /* bulb.h */,
				E2389307296833C300136A54 /* bulb.cpp */,
				E238930A296839D200136A54 /* system.h */,
				E238930B296839D200136A54 /* system.cpp */,
				E2FE6103296861E100282EE4 /* coap_connection.h */,
				E2FE6104296861E100282EE4 /* coap_connection.cpp */,
				E23A88582969763F009BE9F4 /* json.h */,
				E23A885C296976CE009BE9F4 /* exception.h */,
				E23A885E2969E3BF009BE9F4 /* plug.h */,
				E23A885F2969E3BF009BE9F4 /* plug.cpp */,
			);
			path = "cpp-tradfri";
			sourceTree = "<group>";
		};
		E238930E296842D800136A54 /* Frameworks */ = {
			isa = PBXGroup;
			children = (
			);
			name = Frameworks;
			sourceTree = "<group>";
		};
		E23A882D2968F401009BE9F4 /* rapidjson */ = {
			isa = PBXGroup;
			children = (
				E23A882E2968F401009BE9F4 /* fwd.h */,
				E23A882F2968F401009BE9F4 /* memorystream.h */,
				E23A88302968F401009BE9F4 /* reader.h */,
				E23A88312968F401009BE9F4 /* prettywriter.h */,
				E23A88322968F401009BE9F4 /* ostreamwrapper.h */,
				E23A88332968F401009BE9F4 /* encodedstream.h */,
				E23A88342968F401009BE9F4 /* filereadstream.h */,
				E23A88352968F401009BE9F4 /* istreamwrapper.h */,
				E23A88362968F401009BE9F4 /* stringbuffer.h */,
				E23A88372968F401009BE9F4 /* internal */,
				E23A88442968F401009BE9F4 /* encodings.h */,
				E23A88452968F401009BE9F4 /* schema.h */,
				E23A88462968F401009BE9F4 /* stream.h */,
				E23A88472968F401009BE9F4 /* filewritestream.h */,
				E23A88482968F401009BE9F4 /* rapidjson.h */,
				E23A88492968F401009BE9F4 /* document.h */,
				E23A884A2968F401009BE9F4 /* allocators.h */,
				E23A884B2968F401009BE9F4 /* writer.h */,
				E23A884C2968F401009BE9F4 /* error */,
				E23A884F2968F401009BE9F4 /* memorybuffer.h */,
				E23A88502968F401009BE9F4 /* pointer.h */,
				E23A88512968F401009BE9F4 /* msinttypes */,
			);
			path = rapidjson;
			sourceTree = "<group>";
		};
		E23A88372968F401009BE9F4 /* internal */ = {
			isa = PBXGroup;
			children = (
				E23A88382968F401009BE9F4 /* ieee754.h */,
				E23A88392968F401009BE9F4 /* strtod.h */,
				E23A883A2968F401009BE9F4 /* swap.h */,
				E23A883B2968F401009BE9F4 /* regex.h */,
				E23A883C2968F401009BE9F4 /* diyfp.h */,
				E23A883D2968F401009BE9F4 /* biginteger.h */,
				E23A883E2968F401009BE9F4 /* strfunc.h */,
				E23A883F2968F401009BE9F4 /* itoa.h */,
				E23A88402968F401009BE9F4 /* stack.h */,
				E23A88412968F401009BE9F4 /* dtoa.h */,
				E23A88422968F401009BE9F4 /* meta.h */,
				E23A88432968F401009BE9F4 /* pow10.h */,
			);
			path = internal;
			sourceTree = "<group>";
		};
		E23A884C2968F401009BE9F4 /* error */ = {
			isa = PBXGroup;
			children = (
				E23A884D2968F401009BE9F4 /* error.h */,
				E23A884E2968F401009BE9F4 /* en.h */,
			);
			path = error;
			sourceTree = "<group>";
		};
		E23A88512968F401009BE9F4 /* msinttypes */ = {
			isa = PBXGroup;
			children = (
				E23A88522968F401009BE9F4 /* inttypes.h */,
				E23A88532968F401009BE9F4 /* stdint.h */,
			);
			path = msinttypes;
			sourceTree = "<group>";
		};
		E2FE60F5296858F400282EE4 /* Products */ = {
			isa = PBXGroup;
			children = (
				E2FE60FC296858F400282EE4 /* libcpp-coap.a */,
				E2FE60FE296858F400282EE4 /* server */,
				E2FE6100296858F400282EE4 /* client */,
				E2FE6102296858F400282EE4 /* dtls-client */,
			);
			name = Products;
			sourceTree = "<group>";
		};
/* End PBXGroup section */

/* Begin PBXHeadersBuildPhase section */
		E23892EB296829DA00136A54 /* Headers */ = {
			isa = PBXHeadersBuildPhase;
			buildActionMask = 2147483647;
			files = (
				E23A88602969E3BF009BE9F4 /* plug.h in Headers */,
				E23892F829682A5600136A54 /* device.h in Headers */,
				E2389308296833C300136A54 /* bulb.h in Headers */,
				E238930C296839D200136A54 /* system.h in Headers */,
				E23A885A2969763F009BE9F4 /* json.h in Headers */,
				E2FE6105296861E100282EE4 /* coap_connection.h in Headers */,
			);
			runOnlyForDeploymentPostprocessing = 0;
		};
/* End PBXHeadersBuildPhase section */

/* Begin PBXNativeTarget section */
		E23892EE296829DA00136A54 /* cpp-tradfri */ = {
			isa = PBXNativeTarget;
			buildConfigurationList = E23892F3296829DA00136A54 /* Build configuration list for PBXNativeTarget "cpp-tradfri" */;
			buildPhases = (
				E23892EB296829DA00136A54 /* Headers */,
				E23892EC296829DA00136A54 /* Sources */,
				E23892ED296829DA00136A54 /* Frameworks */,
			);
			buildRules = (
			);
			dependencies = (
			);
			name = "cpp-tradfri";
			productName = "cpp-tradfri";
			productReference = E23892EF296829DA00136A54 /* libcpp-tradfri.a */;
			productType = "com.apple.product-type.library.static";
		};
		E23892FD29682A7C00136A54 /* tradfri */ = {
			isa = PBXNativeTarget;
			buildConfigurationList = E238930229682A7C00136A54 /* Build configuration list for PBXNativeTarget "tradfri" */;
			buildPhases = (
				E23892FA29682A7C00136A54 /* Sources */,
				E23892FB29682A7C00136A54 /* Frameworks */,
				E23892FC29682A7C00136A54 /* CopyFiles */,
			);
			buildRules = (
			);
			dependencies = (
				E2389311296842D800136A54 /* PBXTargetDependency */,
			);
			name = tradfri;
			productName = tradfri;
			productReference = E23892FE29682A7C00136A54 /* tradfri */;
			productType = "com.apple.product-type.tool";
		};
/* End PBXNativeTarget section */

/* Begin PBXProject section */
		E23892E7296829DA00136A54 /* Project object */ = {
			isa = PBXProject;
			attributes = {
				BuildIndependentTargetsInParallel = 1;
				LastUpgradeCheck = 1420;
				ORGANIZATIONNAME = Brzeski.net;
				TargetAttributes = {
					E23892EE296829DA00136A54 = {
						CreatedOnToolsVersion = 14.2;
					};
					E23892FD29682A7C00136A54 = {
						CreatedOnToolsVersion = 14.2;
					};
				};
			};
			buildConfigurationList = E23892EA296829DA00136A54 /* Build configuration list for PBXProject "cpp-tradfri" */;
			compatibilityVersion = "Xcode 14.0";
			developmentRegion = en;
			hasScannedForEncodings = 0;
			knownRegions = (
				en,
				Base,
			);
			mainGroup = E23892E6296829DA00136A54;
			productRefGroup = E23892F0296829DA00136A54 /* Products */;
			projectDirPath = "";
			projectReferences = (
				{
					ProductGroup = E2FE60F5296858F400282EE4 /* Products */;
					ProjectRef = E2FE60F4296858F400282EE4 /* cpp-coap.xcodeproj */;
				},
			);
			projectRoot = "";
			targets = (
				E23892EE296829DA00136A54 /* cpp-tradfri */,
				E23892FD29682A7C00136A54 /* tradfri */,
			);
		};
/* End PBXProject section */

/* Begin PBXReferenceProxy section */
		E2FE60FC296858F400282EE4 /* libcpp-coap.a */ = {
			isa = PBXReferenceProxy;
			fileType = archive.ar;
			path = "libcpp-coap.a";
			remoteRef = E2FE60FB296858F400282EE4 /* PBXContainerItemProxy */;
			sourceTree = BUILT_PRODUCTS_DIR;
		};
		E2FE60FE296858F400282EE4 /* server */ = {
			isa = PBXReferenceProxy;
			fileType = "compiled.mach-o.executable";
			path = server;
			remoteRef = E2FE60FD296858F400282EE4 /* PBXContainerItemProxy */;
			sourceTree = BUILT_PRODUCTS_DIR;
		};
		E2FE6100296858F400282EE4 /* client */ = {
			isa = PBXReferenceProxy;
			fileType = "compiled.mach-o.executable";
			path = client;
			remoteRef = E2FE60FF296858F400282EE4 /* PBXContainerItemProxy */;
			sourceTree = BUILT_PRODUCTS_DIR;
		};
		E2FE6102296858F400282EE4 /* dtls-client */ = {
			isa = PBXReferenceProxy;
			fileType = "compiled.mach-o.executable";
			path = "dtls-client";
			remoteRef = E2FE6101296858F400282EE4 /* PBXContainerItemProxy */;
			sourceTree = BUILT_PRODUCTS_DIR;
		};
/* End PBXReferenceProxy section */

/* Begin PBXSourcesBuildPhase section */
		E23892EC296829DA00136A54 /* Sources */ = {
			isa = PBXSourcesBuildPhase;
			buildActionMask = 2147483647;
			files = (
				E2389309296833C300136A54 /* bulb.cpp in Sources */,
				E23892F929682A5600136A54 /* device.cpp in Sources */,
				E2FE6106296861E100282EE4 /* coap_connection.cpp in Sources */,
				E23A88612969E3BF009BE9F4 /* plug.cpp in Sources */,
				E238930D296839D200136A54 /* system.cpp in Sources */,
			);
			runOnlyForDeploymentPostprocessing = 0;
		};
		E23892FA29682A7C00136A54 /* Sources */ = {
			isa = PBXSourcesBuildPhase;
			buildActionMask = 2147483647;
			files = (
				E238930129682A7C00136A54 /* tradfri.cpp in Sources */,
			);
			runOnlyForDeploymentPostprocessing = 0;
		};
/* End PBXSourcesBuildPhase section */

/* Begin PBXTargetDependency section */
		E2389311296842D800136A54 /* PBXTargetDependency */ = {
			isa = PBXTargetDependency;
			target = E23892EE296829DA00136A54 /* cpp-tradfri */;
			targetProxy = E2389310296842D800136A54 /* PBXContainerItemProxy */;
		};
/* End PBXTargetDependency section */

/* Begin XCBuildConfiguration section */
		E23892F1296829DA00136A54 /* Debug */ = {
			isa = XCBuildConfiguration;
			buildSettings = {
				ALWAYS_SEARCH_USER_PATHS = NO;
				CLANG_ANALYZER_NONNULL = YES;
				CLANG_ANALYZER_NUMBER_OBJECT_CONVERSION = YES_AGGRESSIVE;
				CLANG_CXX_LANGUAGE_STANDARD = "c++20";
				CLANG_ENABLE_MODULES = YES;
				CLANG_ENABLE_OBJC_ARC = YES;
				CLANG_ENABLE_OBJC_WEAK = YES;
				CLANG_WARN_BLOCK_CAPTURE_AUTORELEASING = YES;
				CLANG_WARN_BOOL_CONVERSION = YES;
				CLANG_WARN_COMMA = YES;
				CLANG_WARN_CONSTANT_CONVERSION = YES;
				CLANG_WARN_DEPRECATED_OBJC_IMPLEMENTATIONS = YES;
				CLANG_WARN_DIRECT_OBJC_ISA_USAGE = YES_ERROR;
				CLANG_WARN_DOCUMENTATION_COMMENTS = YES;
				CLANG_WARN_EMPTY_BODY = YES;
				CLANG_WARN_ENUM_CONVERSION = YES;
				CLANG_WARN_INFINITE_RECURSION = YES;
				CLANG_WARN_INT_CONVERSION = YES;
				CLANG_WARN_NON_LITERAL_NULL_CONVERSION = YES;
				CLANG_WARN_OBJC_IMPLICIT_RETAIN_SELF = YES;
				CLANG_WARN_OBJC_LITERAL_CONVERSION = YES;
				CLANG_WARN_OBJC_ROOT_CLASS = YES_ERROR;
				CLANG_WARN_QUOTED_INCLUDE_IN_FRAMEWORK_HEADER = YES;
				CLANG_WARN_RANGE_LOOP_ANALYSIS = YES;
				CLANG_WARN_STRICT_PROTOTYPES = YES;
				CLANG_WARN_SUSPICIOUS_MOVE = YES;
				CLANG_WARN_UNGUARDED_AVAILABILITY = YES_AGGRESSIVE;
				CLANG_WARN_UNREACHABLE_CODE = YES;
				CLANG_WARN__DUPLICATE_METHOD_MATCH = YES;
				COPY_PHASE_STRIP = NO;
				DEBUG_INFORMATION_FORMAT = dwarf;
				ENABLE_STRICT_OBJC_MSGSEND = YES;
				ENABLE_TESTABILITY = YES;
				GCC_C_LANGUAGE_STANDARD = c11;
				GCC_DYNAMIC_NO_PIC = NO;
				GCC_NO_COMMON_BLOCKS = YES;
				GCC_OPTIMIZATION_LEVEL = 0;
				GCC_PREPROCESSOR_DEFINITIONS = (
					"DEBUG=1",
					"$(inherited)",
				);
				GCC_WARN_64_TO_32_BIT_CONVERSION = YES;
				GCC_WARN_ABOUT_RETURN_TYPE = YES_ERROR;
				GCC_WARN_UNDECLARED_SELECTOR = YES;
				GCC_WARN_UNINITIALIZED_AUTOS = YES_AGGRESSIVE;
				GCC_WARN_UNUSED_FUNCTION = YES;
				GCC_WARN_UNUSED_VARIABLE = YES;
				MACOSX_DEPLOYMENT_TARGET = 13.1;
				MTL_ENABLE_DEBUG_INFO = INCLUDE_SOURCE;
				MTL_FAST_MATH = YES;
				ONLY_ACTIVE_ARCH = YES;
				SDKROOT = macosx;
			};
			name = Debug;
		};
		E23892F2296829DA00136A54 /* Release */ = {
			isa = XCBuildConfiguration;
			buildSettings = {
				ALWAYS_SEARCH_USER_PATHS = NO;
				CLANG_ANALYZER_NONNULL = YES;
				CLANG_ANALYZER_NUMBER_OBJECT_CONVERSION = YES_AGGRESSIVE;
				CLANG_CXX_LANGUAGE_STANDARD = "c++20";
				CLANG_ENABLE_MODULES = YES;
				CLANG_ENABLE_OBJC_ARC = YES;
				CLANG_ENABLE_OBJC_WEAK = YES;
				CLANG_WARN_BLOCK_CAPTURE_AUTORELEASING = YES;
				CLANG_WARN_BOOL_CONVERSION = YES;
				CLANG_WARN_COMMA = YES;
				CLANG_WARN_CONSTANT_CONVERSION = YES;
				CLANG_WARN_DEPRECATED_OBJC_IMPLEMENTATIONS = YES;
				CLANG_WARN_DIRECT_OBJC_ISA_USAGE = YES_ERROR;
				CLANG_WARN_DOCUMENTATION_COMMENTS = YES;
				CLANG_WARN_EMPTY_BODY = YES;
				CLANG_WARN_ENUM_CONVERSION = YES;
				CLANG_WARN_INFINITE_RECURSION = YES;
				CLANG_WARN_INT_CONVERSION = YES;
				CLANG_WARN_NON_LITERAL_NULL_CONVERSION = YES;
				CLANG_WARN_OBJC_IMPLICIT_RETAIN_SELF = YES;
				CLANG_WARN_OBJC_LITERAL_CONVERSION = YES;
				CLANG_WARN_OBJC_ROOT_CLASS = YES_ERROR;
				CLANG_WARN_QUOTED_INCLUDE_IN_FRAMEWORK_HEADER = YES;
				CLANG_WARN_RANGE_LOOP_ANALYSIS = YES;
				CLANG_WARN_STRICT_PROTOTYPES = YES;
				CLANG_WARN_SUSPICIOUS_MOVE = YES;
				CLANG_WARN_UNGUARDED_AVAILABILITY = YES_AGGRESSIVE;
				CLANG_WARN_UNREACHABLE_CODE = YES;
				CLANG_WARN__DUPLICATE_METHOD_MATCH = YES;
				COPY_PHASE_STRIP = NO;
				DEBUG_INFORMATION_FORMAT = "dwarf-with-dsym";
				ENABLE_NS_ASSERTIONS = NO;
				ENABLE_STRICT_OBJC_MSGSEND = YES;
				GCC_C_LANGUAGE_STANDARD = c11;
				GCC_NO_COMMON_BLOCKS = YES;
				GCC_WARN_64_TO_32_BIT_CONVERSION = YES;
				GCC_WARN_ABOUT_RETURN_TYPE = YES_ERROR;
				GCC_WARN_UNDECLARED_SELECTOR = YES;
				GCC_WARN_UNINITIALIZED_AUTOS = YES_AGGRESSIVE;
				GCC_WARN_UNUSED_FUNCTION = YES;
				GCC_WARN_UNUSED_VARIABLE = YES;
				MACOSX_DEPLOYMENT_TARGET = 13.1;
				MTL_ENABLE_DEBUG_INFO = NO;
				MTL_FAST_MATH = YES;
				SDKROOT = macosx;
			};
			name = Release;
		};
		E23892F4296829DA00136A54 /* Debug */ = {
			isa = XCBuildConfiguration;
			buildSettings = {
				CODE_SIGN_STYLE = Automatic;
				DEVELOPMENT_TEAM = PPMKVT4765;
				EXECUTABLE_PREFIX = lib;
				HEADER_SEARCH_PATHS = (
					"cpp-coap",
					rapidjson,
				);
				PRODUCT_NAME = "$(TARGET_NAME)";
				SKIP_INSTALL = YES;
			};
			name = Debug;
		};
		E23892F5296829DA00136A54 /* Release */ = {
			isa = XCBuildConfiguration;
			buildSettings = {
				CODE_SIGN_STYLE = Automatic;
				DEVELOPMENT_TEAM = PPMKVT4765;
				EXECUTABLE_PREFIX = lib;
				HEADER_SEARCH_PATHS = (
					"cpp-coap",
					rapidjson,
				);
				PRODUCT_NAME = "$(TARGET_NAME)";
				SKIP_INSTALL = YES;
			};
			name = Release;
		};
		E238930329682A7C00136A54 /* Debug */ = {
			isa = XCBuildConfiguration;
			buildSettings = {
				CODE_SIGN_IDENTITY = "Apple Development";
				"CODE_SIGN_IDENTITY[sdk=macosx*]" = "Apple Development";
				CODE_SIGN_STYLE = Automatic;
				DEVELOPMENT_TEAM = PPMKVT4765;
				HEADER_SEARCH_PATHS = "$(PROJECT_DIR)";
				LIBRARY_SEARCH_PATHS = /opt/homebrew/lib;
				OTHER_LDFLAGS = (
					"-lcoap-3-openssl",
					"-lssl",
				);
				PRODUCT_NAME = "$(TARGET_NAME)";
				PROVISIONING_PROFILE_SPECIFIER = "";
			};
			name = Debug;
		};
		E238930429682A7C00136A54 /* Release */ = {
			isa = XCBuildConfiguration;
			buildSettings = {
				CODE_SIGN_IDENTITY = "Apple Development";
				"CODE_SIGN_IDENTITY[sdk=macosx*]" = "Apple Development";
				CODE_SIGN_STYLE = Automatic;
				DEVELOPMENT_TEAM = PPMKVT4765;
				HEADER_SEARCH_PATHS = "$(PROJECT_DIR)";
				LIBRARY_SEARCH_PATHS = /opt/homebrew/lib;
				OTHER_LDFLAGS = (
					"-lcoap-3-openssl",
					"-lssl",
				);
				PRODUCT_NAME = "$(TARGET_NAME)";
				PROVISIONING_PROFILE_SPECIFIER = "";
			};
			name = Release;
		};
/* End XCBuildConfiguration section */

/* Begin XCConfigurationList section */
		E23892EA296829DA00136A54 /* Build configuration list for PBXProject "cpp-tradfri" */ = {
			isa = XCConfigurationList;
			buildConfigurations = (
				E23892F1296829DA00136A54 /* Debug */,
				E23892F2296829DA00136A54 /* Release */,
			);
			defaultConfigurationIsVisible = 0;
			defaultConfigurationName = Release;
		};
		E23892F3296829DA00136A54 /* Build configuration list for PBXNativeTarget "cpp-tradfri" */ = {
			isa = XCConfigurationList;
			buildConfigurations = (
				E23892F4296829DA00136A54 /* Debug */,
				E23892F5296829DA00136A54 /* Release */,
			);
			defaultConfigurationIsVisible = 0;
			defaultConfigurationName = Release;
		};
		E238930229682A7C00136A54 /* Build configuration list for PBXNativeTarget "tradfri" */ = {
			isa = XCConfigurationList;
			buildConfigurations = (
				E238930329682A7C00136A54 /* Debug */,
				E238930429682A7C00136A54 /* Release */,
			);
			defaultConfigurationIsVisible = 0;
			defaultConfigurationName = Release;
		};
/* End XCConfigurationList section */
	};
	rootObject = E23892E7296829DA00136A54 /* Project object */;
}
